
Microsoft Visual Studio Solution File, Format Version 12.00
# Visual Studio Version 16
VisualStudioVersion = 16.0.29411.108
MinimumVisualStudioVersion = 10.0.40219.1
Project("{9A19103F-16F7-4668-BE54-9A1E7A4F7556}") = "Zoo", "Zoo\Zoo.csproj", "{6A2522AE-CE58-479D-92FC-38648E11DF89}"
EndProject
Project("{9A19103F-16F7-4668-BE54-9A1E7A4F7556}") = "PlayersAndMonsters", "PlayersAndMonsters\PlayersAndMonsters.csproj", "{9E197E71-9E14-4E75-8931-2703F3AE21A3}"
EndProject
Project("{FAE04EC0-301F-11D3-BF4B-00C04F79EFBC}") = "NeedForSpeed", "NeedForSpeed\NeedForSpeed.csproj", "{CE6A4DB8-1F87-4038-B758-ADB0551362E5}"
EndProject
Project("{FAE04EC0-301F-11D3-BF4B-00C04F79EFBC}") = "Restaurant", "Restaurant\Restaurant.csproj", "{24232F07-852C-4EA1-BEA3-B5DC5526DC7C}"
EndProject
Project("{FAE04EC0-301F-11D3-BF4B-00C04F79EFBC}") = "Animals", "Animals\Animals.csproj", "{704D7651-3A54-4DFD-8EB3-6653917F4F63}"
EndProject
Global
	GlobalSection(SolutionConfigurationPlatforms) = preSolution
		Debug|Any CPU = Debug|Any CPU
		Release|Any CPU = Release|Any CPU
	EndGlobalSection
	GlobalSection(ProjectConfigurationPlatforms) = postSolution
		{6A2522AE-CE58-479D-92FC-38648E11DF89}.Debug|Any CPU.ActiveCfg = Debug|Any CPU
		{6A2522AE-CE58-479D-92FC-38648E11DF89}.Debug|Any CPU.Build.0 = Debug|Any CPU
		{6A2522AE-CE58-479D-92FC-38648E11DF89}.Release|Any CPU.ActiveCfg = Release|Any CPU
		{6A2522AE-CE58-479D-92FC-38648E11DF89}.Release|Any CPU.Build.0 = Release|Any CPU
		{9E197E71-9E14-4E75-8931-2703F3AE21A3}.Debug|Any CPU.ActiveCfg = Debug|Any CPU
		{9E197E71-9E14-4E75-8931-2703F3AE21A3}.Debug|Any CPU.Build.0 = Debug|Any CPU
		{9E197E71-9E14-4E75-8931-2703F3AE21A3}.Release|Any CPU.ActiveCfg = Release|Any CPU
		{9E197E71-9E14-4E75-8931-2703F3AE21A3}.Release|Any CPU.Build.0 = Release|Any CPU
		{CE6A4DB8-1F87-4038-B758-ADB0551362E5}.Debug|Any CPU.ActiveCfg = Debug|Any CPU
		{CE6A4DB8-1F87-4038-B758-ADB0551362E5}.Debug|Any CPU.Build.0 = Debug|Any CPU
		{CE6A4DB8-1F87-4038-B758-ADB0551362E5}.Release|Any CPU.ActiveCfg = Release|Any CPU
		{CE6A4DB8-1F87-4038-B758-ADB0551362E5}.Release|Any CPU.Build.0 = Release|Any CPU
		{24232F07-852C-4EA1-BEA3-B5DC5526DC7C}.Debug|Any CPU.ActiveCfg = Debug|Any CPU
		{24232F07-852C-4EA1-BEA3-B5DC5526DC7C}.Debug|Any CPU.Build.0 = Debug|Any CPU
		{24232F07-852C-4EA1-BEA3-B5DC5526DC7C}.Release|Any CPU.ActiveCfg = Release|Any CPU
		{24232F07-852C-4EA1-BEA3-B5DC5526DC7C}.Release|Any CPU.Build.0 = Release|Any CPU
		{704D7651-3A54-4DFD-8EB3-6653917F4F63}.Debug|Any CPU.ActiveCfg = Debug|Any CPU
		{704D7651-3A54-4DFD-8EB3-6653917F4F63}.Debug|Any CPU.Build.0 = Debug|Any CPU
		{704D7651-3A54-4DFD-8EB3-6653917F4F63}.Release|Any CPU.ActiveCfg = Release|Any CPU
		{704D7651-3A54-4DFD-8EB3-6653917F4F63}.Release|Any CPU.Build.0 = Release|Any CPU
	EndGlobalSection
	GlobalSection(SolutionProperties) = preSolution
		HideSolutionNode = FALSE
	EndGlobalSection
	GlobalSection(ExtensibilityGlobals) = postSolution
		SolutionGuid = {5FE8028F-8774-4795-B654-133E316D41DD}
	EndGlobalSection
EndGlobal
