
Microsoft Visual Studio Solution File, Format Version 12.00
# Visual Studio Version 16
VisualStudioVersion = 16.0.29411.108
MinimumVisualStudioVersion = 10.0.40219.1
Project("{9A19103F-16F7-4668-BE54-9A1E7A4F7556}") = "Problem1", "Problem1\Problem1.csproj", "{788463E5-6795-4A88-A96E-5C2E1DD460D0}"
EndProject
Project("{9A19103F-16F7-4668-BE54-9A1E7A4F7556}") = "Problem2", "Problem2\Problem2.csproj", "{924AA4A8-D4C3-4917-9B69-91DEDEF530F5}"
EndProject
Project("{9A19103F-16F7-4668-BE54-9A1E7A4F7556}") = "Problem3PeriodicTable", "Problem3PeriodicTable\Problem3PeriodicTable.csproj", "{D4FF8EC2-25D5-403D-8BFE-548DEC0F097E}"
EndProject
Project("{9A19103F-16F7-4668-BE54-9A1E7A4F7556}") = "Problem4", "Problem4\Problem4.csproj", "{127B5B52-672D-49F6-94A9-4D1916191DF4}"
EndProject
Project("{9A19103F-16F7-4668-BE54-9A1E7A4F7556}") = "Problem5", "Problem5\Problem5.csproj", "{052A7AC9-C174-47F8-84A1-538AE66215F3}"
EndProject
Project("{9A19103F-16F7-4668-BE54-9A1E7A4F7556}") = "Problem6", "Problem6\Problem6.csproj", "{4B8AF46E-F098-47A9-8C3B-431E97AEB7C0}"
EndProject
Project("{9A19103F-16F7-4668-BE54-9A1E7A4F7556}") = "Problem7V-Loggers", "Problem7V-Loggers\Problem7V-Loggers.csproj", "{B060866C-F829-498B-81C1-A81FA54BED48}"
EndProject
Project("{FAE04EC0-301F-11D3-BF4B-00C04F79EFBC}") = "Problem8", "Problem8\Problem8.csproj", "{419FE17F-E6FC-4E5A-9D5D-92D49D1CE531}"
EndProject
Global
	GlobalSection(SolutionConfigurationPlatforms) = preSolution
		Debug|Any CPU = Debug|Any CPU
		Debug|x64 = Debug|x64
		Debug|x86 = Debug|x86
		Release|Any CPU = Release|Any CPU
		Release|x64 = Release|x64
		Release|x86 = Release|x86
	EndGlobalSection
	GlobalSection(ProjectConfigurationPlatforms) = postSolution
		{788463E5-6795-4A88-A96E-5C2E1DD460D0}.Debug|Any CPU.ActiveCfg = Debug|Any CPU
		{788463E5-6795-4A88-A96E-5C2E1DD460D0}.Debug|Any CPU.Build.0 = Debug|Any CPU
		{788463E5-6795-4A88-A96E-5C2E1DD460D0}.Debug|x64.ActiveCfg = Debug|Any CPU
		{788463E5-6795-4A88-A96E-5C2E1DD460D0}.Debug|x64.Build.0 = Debug|Any CPU
		{788463E5-6795-4A88-A96E-5C2E1DD460D0}.Debug|x86.ActiveCfg = Debug|Any CPU
		{788463E5-6795-4A88-A96E-5C2E1DD460D0}.Debug|x86.Build.0 = Debug|Any CPU
		{788463E5-6795-4A88-A96E-5C2E1DD460D0}.Release|Any CPU.ActiveCfg = Release|Any CPU
		{788463E5-6795-4A88-A96E-5C2E1DD460D0}.Release|Any CPU.Build.0 = Release|Any CPU
		{788463E5-6795-4A88-A96E-5C2E1DD460D0}.Release|x64.ActiveCfg = Release|Any CPU
		{788463E5-6795-4A88-A96E-5C2E1DD460D0}.Release|x64.Build.0 = Release|Any CPU
		{788463E5-6795-4A88-A96E-5C2E1DD460D0}.Release|x86.ActiveCfg = Release|Any CPU
		{788463E5-6795-4A88-A96E-5C2E1DD460D0}.Release|x86.Build.0 = Release|Any CPU
		{924AA4A8-D4C3-4917-9B69-91DEDEF530F5}.Debug|Any CPU.ActiveCfg = Debug|Any CPU
		{924AA4A8-D4C3-4917-9B69-91DEDEF530F5}.Debug|Any CPU.Build.0 = Debug|Any CPU
		{924AA4A8-D4C3-4917-9B69-91DEDEF530F5}.Debug|x64.ActiveCfg = Debug|Any CPU
		{924AA4A8-D4C3-4917-9B69-91DEDEF530F5}.Debug|x64.Build.0 = Debug|Any CPU
		{924AA4A8-D4C3-4917-9B69-91DEDEF530F5}.Debug|x86.ActiveCfg = Debug|Any CPU
		{924AA4A8-D4C3-4917-9B69-91DEDEF530F5}.Debug|x86.Build.0 = Debug|Any CPU
		{924AA4A8-D4C3-4917-9B69-91DEDEF530F5}.Release|Any CPU.ActiveCfg = Release|Any CPU
		{924AA4A8-D4C3-4917-9B69-91DEDEF530F5}.Release|Any CPU.Build.0 = Release|Any CPU
		{924AA4A8-D4C3-4917-9B69-91DEDEF530F5}.Release|x64.ActiveCfg = Release|Any CPU
		{924AA4A8-D4C3-4917-9B69-91DEDEF530F5}.Release|x64.Build.0 = Release|Any CPU
		{924AA4A8-D4C3-4917-9B69-91DEDEF530F5}.Release|x86.ActiveCfg = Release|Any CPU
		{924AA4A8-D4C3-4917-9B69-91DEDEF530F5}.Release|x86.Build.0 = Release|Any CPU
		{D4FF8EC2-25D5-403D-8BFE-548DEC0F097E}.Debug|Any CPU.ActiveCfg = Debug|Any CPU
		{D4FF8EC2-25D5-403D-8BFE-548DEC0F097E}.Debug|Any CPU.Build.0 = Debug|Any CPU
		{D4FF8EC2-25D5-403D-8BFE-548DEC0F097E}.Debug|x64.ActiveCfg = Debug|Any CPU
		{D4FF8EC2-25D5-403D-8BFE-548DEC0F097E}.Debug|x64.Build.0 = Debug|Any CPU
		{D4FF8EC2-25D5-403D-8BFE-548DEC0F097E}.Debug|x86.ActiveCfg = Debug|Any CPU
		{D4FF8EC2-25D5-403D-8BFE-548DEC0F097E}.Debug|x86.Build.0 = Debug|Any CPU
		{D4FF8EC2-25D5-403D-8BFE-548DEC0F097E}.Release|Any CPU.ActiveCfg = Release|Any CPU
		{D4FF8EC2-25D5-403D-8BFE-548DEC0F097E}.Release|Any CPU.Build.0 = Release|Any CPU
		{D4FF8EC2-25D5-403D-8BFE-548DEC0F097E}.Release|x64.ActiveCfg = Release|Any CPU
		{D4FF8EC2-25D5-403D-8BFE-548DEC0F097E}.Release|x64.Build.0 = Release|Any CPU
		{D4FF8EC2-25D5-403D-8BFE-548DEC0F097E}.Release|x86.ActiveCfg = Release|Any CPU
		{D4FF8EC2-25D5-403D-8BFE-548DEC0F097E}.Release|x86.Build.0 = Release|Any CPU
		{127B5B52-672D-49F6-94A9-4D1916191DF4}.Debug|Any CPU.ActiveCfg = Debug|Any CPU
		{127B5B52-672D-49F6-94A9-4D1916191DF4}.Debug|Any CPU.Build.0 = Debug|Any CPU
		{127B5B52-672D-49F6-94A9-4D1916191DF4}.Debug|x64.ActiveCfg = Debug|Any CPU
		{127B5B52-672D-49F6-94A9-4D1916191DF4}.Debug|x64.Build.0 = Debug|Any CPU
		{127B5B52-672D-49F6-94A9-4D1916191DF4}.Debug|x86.ActiveCfg = Debug|Any CPU
		{127B5B52-672D-49F6-94A9-4D1916191DF4}.Debug|x86.Build.0 = Debug|Any CPU
		{127B5B52-672D-49F6-94A9-4D1916191DF4}.Release|Any CPU.ActiveCfg = Release|Any CPU
		{127B5B52-672D-49F6-94A9-4D1916191DF4}.Release|Any CPU.Build.0 = Release|Any CPU
		{127B5B52-672D-49F6-94A9-4D1916191DF4}.Release|x64.ActiveCfg = Release|Any CPU
		{127B5B52-672D-49F6-94A9-4D1916191DF4}.Release|x64.Build.0 = Release|Any CPU
		{127B5B52-672D-49F6-94A9-4D1916191DF4}.Release|x86.ActiveCfg = Release|Any CPU
		{127B5B52-672D-49F6-94A9-4D1916191DF4}.Release|x86.Build.0 = Release|Any CPU
		{052A7AC9-C174-47F8-84A1-538AE66215F3}.Debug|Any CPU.ActiveCfg = Debug|Any CPU
		{052A7AC9-C174-47F8-84A1-538AE66215F3}.Debug|Any CPU.Build.0 = Debug|Any CPU
		{052A7AC9-C174-47F8-84A1-538AE66215F3}.Debug|x64.ActiveCfg = Debug|Any CPU
		{052A7AC9-C174-47F8-84A1-538AE66215F3}.Debug|x64.Build.0 = Debug|Any CPU
		{052A7AC9-C174-47F8-84A1-538AE66215F3}.Debug|x86.ActiveCfg = Debug|Any CPU
		{052A7AC9-C174-47F8-84A1-538AE66215F3}.Debug|x86.Build.0 = Debug|Any CPU
		{052A7AC9-C174-47F8-84A1-538AE66215F3}.Release|Any CPU.ActiveCfg = Release|Any CPU
		{052A7AC9-C174-47F8-84A1-538AE66215F3}.Release|Any CPU.Build.0 = Release|Any CPU
		{052A7AC9-C174-47F8-84A1-538AE66215F3}.Release|x64.ActiveCfg = Release|Any CPU
		{052A7AC9-C174-47F8-84A1-538AE66215F3}.Release|x64.Build.0 = Release|Any CPU
		{052A7AC9-C174-47F8-84A1-538AE66215F3}.Release|x86.ActiveCfg = Release|Any CPU
		{052A7AC9-C174-47F8-84A1-538AE66215F3}.Release|x86.Build.0 = Release|Any CPU
		{4B8AF46E-F098-47A9-8C3B-431E97AEB7C0}.Debug|Any CPU.ActiveCfg = Debug|Any CPU
		{4B8AF46E-F098-47A9-8C3B-431E97AEB7C0}.Debug|Any CPU.Build.0 = Debug|Any CPU
		{4B8AF46E-F098-47A9-8C3B-431E97AEB7C0}.Debug|x64.ActiveCfg = Debug|Any CPU
		{4B8AF46E-F098-47A9-8C3B-431E97AEB7C0}.Debug|x64.Build.0 = Debug|Any CPU
		{4B8AF46E-F098-47A9-8C3B-431E97AEB7C0}.Debug|x86.ActiveCfg = Debug|Any CPU
		{4B8AF46E-F098-47A9-8C3B-431E97AEB7C0}.Debug|x86.Build.0 = Debug|Any CPU
		{4B8AF46E-F098-47A9-8C3B-431E97AEB7C0}.Release|Any CPU.ActiveCfg = Release|Any CPU
		{4B8AF46E-F098-47A9-8C3B-431E97AEB7C0}.Release|Any CPU.Build.0 = Release|Any CPU
		{4B8AF46E-F098-47A9-8C3B-431E97AEB7C0}.Release|x64.ActiveCfg = Release|Any CPU
		{4B8AF46E-F098-47A9-8C3B-431E97AEB7C0}.Release|x64.Build.0 = Release|Any CPU
		{4B8AF46E-F098-47A9-8C3B-431E97AEB7C0}.Release|x86.ActiveCfg = Release|Any CPU
		{4B8AF46E-F098-47A9-8C3B-431E97AEB7C0}.Release|x86.Build.0 = Release|Any CPU
		{B060866C-F829-498B-81C1-A81FA54BED48}.Debug|Any CPU.ActiveCfg = Debug|Any CPU
		{B060866C-F829-498B-81C1-A81FA54BED48}.Debug|Any CPU.Build.0 = Debug|Any CPU
		{B060866C-F829-498B-81C1-A81FA54BED48}.Debug|x64.ActiveCfg = Debug|Any CPU
		{B060866C-F829-498B-81C1-A81FA54BED48}.Debug|x64.Build.0 = Debug|Any CPU
		{B060866C-F829-498B-81C1-A81FA54BED48}.Debug|x86.ActiveCfg = Debug|Any CPU
		{B060866C-F829-498B-81C1-A81FA54BED48}.Debug|x86.Build.0 = Debug|Any CPU
		{B060866C-F829-498B-81C1-A81FA54BED48}.Release|Any CPU.ActiveCfg = Release|Any CPU
		{B060866C-F829-498B-81C1-A81FA54BED48}.Release|Any CPU.Build.0 = Release|Any CPU
		{B060866C-F829-498B-81C1-A81FA54BED48}.Release|x64.ActiveCfg = Release|Any CPU
		{B060866C-F829-498B-81C1-A81FA54BED48}.Release|x64.Build.0 = Release|Any CPU
		{B060866C-F829-498B-81C1-A81FA54BED48}.Release|x86.ActiveCfg = Release|Any CPU
		{B060866C-F829-498B-81C1-A81FA54BED48}.Release|x86.Build.0 = Release|Any CPU
		{419FE17F-E6FC-4E5A-9D5D-92D49D1CE531}.Debug|Any CPU.ActiveCfg = Debug|Any CPU
		{419FE17F-E6FC-4E5A-9D5D-92D49D1CE531}.Debug|Any CPU.Build.0 = Debug|Any CPU
		{419FE17F-E6FC-4E5A-9D5D-92D49D1CE531}.Debug|x64.ActiveCfg = Debug|Any CPU
		{419FE17F-E6FC-4E5A-9D5D-92D49D1CE531}.Debug|x64.Build.0 = Debug|Any CPU
		{419FE17F-E6FC-4E5A-9D5D-92D49D1CE531}.Debug|x86.ActiveCfg = Debug|Any CPU
		{419FE17F-E6FC-4E5A-9D5D-92D49D1CE531}.Debug|x86.Build.0 = Debug|Any CPU
		{419FE17F-E6FC-4E5A-9D5D-92D49D1CE531}.Release|Any CPU.ActiveCfg = Release|Any CPU
		{419FE17F-E6FC-4E5A-9D5D-92D49D1CE531}.Release|Any CPU.Build.0 = Release|Any CPU
		{419FE17F-E6FC-4E5A-9D5D-92D49D1CE531}.Release|x64.ActiveCfg = Release|Any CPU
		{419FE17F-E6FC-4E5A-9D5D-92D49D1CE531}.Release|x64.Build.0 = Release|Any CPU
		{419FE17F-E6FC-4E5A-9D5D-92D49D1CE531}.Release|x86.ActiveCfg = Release|Any CPU
		{419FE17F-E6FC-4E5A-9D5D-92D49D1CE531}.Release|x86.Build.0 = Release|Any CPU
	EndGlobalSection
	GlobalSection(SolutionProperties) = preSolution
		HideSolutionNode = FALSE
	EndGlobalSection
	GlobalSection(ExtensibilityGlobals) = postSolution
		SolutionGuid = {AD341D14-554F-4EB5-8659-130E6F890A71}
	EndGlobalSection
EndGlobal
